
Microsoft Visual Studio Solution File, Format Version 12.00
# Visual Studio 15
VisualStudioVersion = 15.0.28307.1145
MinimumVisualStudioVersion = 10.0.40219.1
Project("{FAE04EC0-301F-11D3-BF4B-00C04F79EFBC}") = "ariel_Hello", "ariel_Hello\ariel_Hello.csproj", "{6CD70145-439C-4172-ACA8-C32984CF3BBC}"
EndProject
Global
	GlobalSection(SolutionConfigurationPlatforms) = preSolution
		Debug|Any CPU = Debug|Any CPU
		Release|Any CPU = Release|Any CPU
	EndGlobalSection
	GlobalSection(ProjectConfigurationPlatforms) = postSolution
		{6CD70145-439C-4172-ACA8-C32984CF3BBC}.Debug|Any CPU.ActiveCfg = Debug|Any CPU
		{6CD70145-439C-4172-ACA8-C32984CF3BBC}.Debug|Any CPU.Build.0 = Debug|Any CPU
		{6CD70145-439C-4172-ACA8-C32984CF3BBC}.Release|Any CPU.ActiveCfg = Release|Any CPU
		{6CD70145-439C-4172-ACA8-C32984CF3BBC}.Release|Any CPU.Build.0 = Release|Any CPU
	EndGlobalSection
	GlobalSection(SolutionProperties) = preSolution
		HideSolutionNode = FALSE
	EndGlobalSection
	GlobalSection(ExtensibilityGlobals) = postSolution
		SolutionGuid = {6FC514C7-6B60-4B48-AAE3-A4A59DFBB50B}
	EndGlobalSection
EndGlobal
