
Microsoft Visual Studio Solution File, Format Version 12.00
# Visual Studio 15
VisualStudioVersion = 15.0.28307.1145
MinimumVisualStudioVersion = 10.0.40219.1
Project("{FAE04EC0-301F-11D3-BF4B-00C04F79EFBC}") = "hw_POS", "hw_POS\hw_POS.csproj", "{53F955BE-A64A-4AE9-9540-E51EED1B4397}"
EndProject
Global
	GlobalSection(SolutionConfigurationPlatforms) = preSolution
		Debug|Any CPU = Debug|Any CPU
		Release|Any CPU = Release|Any CPU
	EndGlobalSection
	GlobalSection(ProjectConfigurationPlatforms) = postSolution
		{53F955BE-A64A-4AE9-9540-E51EED1B4397}.Debug|Any CPU.ActiveCfg = Debug|Any CPU
		{53F955BE-A64A-4AE9-9540-E51EED1B4397}.Debug|Any CPU.Build.0 = Debug|Any CPU
		{53F955BE-A64A-4AE9-9540-E51EED1B4397}.Release|Any CPU.ActiveCfg = Release|Any CPU
		{53F955BE-A64A-4AE9-9540-E51EED1B4397}.Release|Any CPU.Build.0 = Release|Any CPU
	EndGlobalSection
	GlobalSection(SolutionProperties) = preSolution
		HideSolutionNode = FALSE
	EndGlobalSection
	GlobalSection(ExtensibilityGlobals) = postSolution
		SolutionGuid = {48457D9C-1740-43F3-8B03-4C88019B56E8}
	EndGlobalSection
EndGlobal
