
Microsoft Visual Studio Solution File, Format Version 12.00
# Visual Studio 15
VisualStudioVersion = 15.0.28307.1145
MinimumVisualStudioVersion = 10.0.40219.1
Project("{FAE04EC0-301F-11D3-BF4B-00C04F79EFBC}") = "Ariel_Loan", "Ariel_Loan\Ariel_Loan.csproj", "{73C00CFC-1CAE-4FB6-83B7-C8385C6D2514}"
EndProject
Global
	GlobalSection(SolutionConfigurationPlatforms) = preSolution
		Debug|Any CPU = Debug|Any CPU
		Release|Any CPU = Release|Any CPU
	EndGlobalSection
	GlobalSection(ProjectConfigurationPlatforms) = postSolution
		{73C00CFC-1CAE-4FB6-83B7-C8385C6D2514}.Debug|Any CPU.ActiveCfg = Debug|Any CPU
		{73C00CFC-1CAE-4FB6-83B7-C8385C6D2514}.Debug|Any CPU.Build.0 = Debug|Any CPU
		{73C00CFC-1CAE-4FB6-83B7-C8385C6D2514}.Release|Any CPU.ActiveCfg = Release|Any CPU
		{73C00CFC-1CAE-4FB6-83B7-C8385C6D2514}.Release|Any CPU.Build.0 = Release|Any CPU
	EndGlobalSection
	GlobalSection(SolutionProperties) = preSolution
		HideSolutionNode = FALSE
	EndGlobalSection
	GlobalSection(ExtensibilityGlobals) = postSolution
		SolutionGuid = {990324C1-04B3-4F81-A512-2B534A4D3914}
	EndGlobalSection
EndGlobal
